// !$*UTF8*$!
{
	archiveVersion = 1;
	classes = {
	};
	objectVersion = 46;
	objects = {

/* Begin PBXBuildFile section */
		EF0111C21F263FBA006FFFFB /* main.cpp in Sources */ = {isa = PBXBuildFile; fileRef = EF0111C11F263FBA006FFFFB /* main.cpp */; };
		EF0111E01F264101006FFFFB /* liboccommon.a in Frameworks */ = {isa = PBXBuildFile; fileRef = EF0111DF1F264101006FFFFB /* liboccommon.a */; };
		EF0111FA1F281103006FFFFB /* OCYaccParser.cpp in Sources */ = {isa = PBXBuildFile; fileRef = EF0111F81F281103006FFFFB /* OCYaccParser.cpp */; };
/* End PBXBuildFile section */

/* Begin PBXCopyFilesBuildPhase section */
		EF0111BC1F263FBA006FFFFB /* CopyFiles */ = {
			isa = PBXCopyFilesBuildPhase;
			buildActionMask = 2147483647;
			dstPath = /usr/share/man/man1/;
			dstSubfolderSpec = 0;
			files = (
			);
			runOnlyForDeploymentPostprocessing = 1;
		};
/* End PBXCopyFilesBuildPhase section */

/* Begin PBXFileReference section */
		EF0111BE1F263FBA006FFFFB /* ocyacc */ = {isa = PBXFileReference; explicitFileType = "compiled.mach-o.executable"; includeInIndex = 0; path = ocyacc; sourceTree = BUILT_PRODUCTS_DIR; };
		EF0111C11F263FBA006FFFFB /* main.cpp */ = {isa = PBXFileReference; lastKnownFileType = sourcecode.cpp.cpp; path = main.cpp; sourceTree = "<group>"; };
		EF0111DF1F264101006FFFFB /* liboccommon.a */ = {isa = PBXFileReference; lastKnownFileType = archive.ar; name = liboccommon.a; path = ../../OCCommon/occommon/build/Debug/liboccommon.a; sourceTree = "<group>"; };
		EF0111F81F281103006FFFFB /* OCYaccParser.cpp */ = {isa = PBXFileReference; fileEncoding = 4; lastKnownFileType = sourcecode.cpp.cpp; path = OCYaccParser.cpp; sourceTree = "<group>"; };
		EF0111F91F281103006FFFFB /* OCYaccParser.h */ = {isa = PBXFileReference; fileEncoding = 4; lastKnownFileType = sourcecode.c.h; path = OCYaccParser.h; sourceTree = "<group>"; };
/* End PBXFileReference section */

/* Begin PBXFrameworksBuildPhase section */
		EF0111BB1F263FBA006FFFFB /* Frameworks */ = {
			isa = PBXFrameworksBuildPhase;
			buildActionMask = 2147483647;
			files = (
				EF0111E01F264101006FFFFB /* liboccommon.a in Frameworks */,
			);
			runOnlyForDeploymentPostprocessing = 0;
		};
/* End PBXFrameworksBuildPhase section */

/* Begin PBXGroup section */
		EF0111B51F263FBA006FFFFB = {
			isa = PBXGroup;
			children = (
				EF0111F71F2810E2006FFFFB /* Compiler */,
				EF0111C01F263FBA006FFFFB /* ocyacc */,
				EF0111BF1F263FBA006FFFFB /* Products */,
				EF0111DE1F264101006FFFFB /* Frameworks */,
			);
			sourceTree = "<group>";
		};
		EF0111BF1F263FBA006FFFFB /* Products */ = {
			isa = PBXGroup;
			children = (
				EF0111BE1F263FBA006FFFFB /* ocyacc */,
			);
			name = Products;
			sourceTree = "<group>";
		};
		EF0111C01F263FBA006FFFFB /* ocyacc */ = {
			isa = PBXGroup;
			children = (
				EF0111C11F263FBA006FFFFB /* main.cpp */,
			);
			path = ocyacc;
			sourceTree = "<group>";
		};
		EF0111DE1F264101006FFFFB /* Frameworks */ = {
			isa = PBXGroup;
			children = (
				EF0111DF1F264101006FFFFB /* liboccommon.a */,
			);
			name = Frameworks;
			sourceTree = "<group>";
		};
		EF0111F71F2810E2006FFFFB /* Compiler */ = {
			isa = PBXGroup;
			children = (
				EF0111F81F281103006FFFFB /* OCYaccParser.cpp */,
				EF0111F91F281103006FFFFB /* OCYaccParser.h */,
			);
			path = Compiler;
			sourceTree = "<group>";
		};
/* End PBXGroup section */

/* Begin PBXNativeTarget section */
		EF0111BD1F263FBA006FFFFB /* ocyacc */ = {
			isa = PBXNativeTarget;
			buildConfigurationList = EF0111C51F263FBA006FFFFB /* Build configuration list for PBXNativeTarget "ocyacc" */;
			buildPhases = (
				EF0111BA1F263FBA006FFFFB /* Sources */,
				EF0111BB1F263FBA006FFFFB /* Frameworks */,
				EF0111BC1F263FBA006FFFFB /* CopyFiles */,
			);
			buildRules = (
			);
			dependencies = (
			);
			name = ocyacc;
			productName = ocyacc;
			productReference = EF0111BE1F263FBA006FFFFB /* ocyacc */;
			productType = "com.apple.product-type.tool";
		};
/* End PBXNativeTarget section */

/* Begin PBXProject section */
		EF0111B61F263FBA006FFFFB /* Project object */ = {
			isa = PBXProject;
			attributes = {
				LastUpgradeCheck = 0830;
				ORGANIZATIONNAME = "Glenview Software";
				TargetAttributes = {
					EF0111BD1F263FBA006FFFFB = {
						CreatedOnToolsVersion = 8.3.3;
						DevelopmentTeam = MUUNEV88XL;
						ProvisioningStyle = Automatic;
					};
				};
			};
			buildConfigurationList = EF0111B91F263FBA006FFFFB /* Build configuration list for PBXProject "ocyacc" */;
			compatibilityVersion = "Xcode 3.2";
			developmentRegion = English;
			hasScannedForEncodings = 0;
			knownRegions = (
				en,
			);
			mainGroup = EF0111B51F263FBA006FFFFB;
			productRefGroup = EF0111BF1F263FBA006FFFFB /* Products */;
			projectDirPath = "";
			projectRoot = "";
			targets = (
				EF0111BD1F263FBA006FFFFB /* ocyacc */,
			);
		};
/* End PBXProject section */

/* Begin PBXSourcesBuildPhase section */
		EF0111BA1F263FBA006FFFFB /* Sources */ = {
			isa = PBXSourcesBuildPhase;
			buildActionMask = 2147483647;
			files = (
				EF0111FA1F281103006FFFFB /* OCYaccParser.cpp in Sources */,
				EF0111C21F263FBA006FFFFB /* main.cpp in Sources */,
			);
			runOnlyForDeploymentPostprocessing = 0;
		};
/* End PBXSourcesBuildPhase section */

/* Begin XCBuildConfiguration section */
		EF0111C31F263FBA006FFFFB /* Debug */ = {
			isa = XCBuildConfiguration;
			buildSettings = {
				ALWAYS_SEARCH_USER_PATHS = NO;
				CLANG_ANALYZER_NONNULL = YES;
				CLANG_ANALYZER_NUMBER_OBJECT_CONVERSION = YES_AGGRESSIVE;
				CLANG_CXX_LANGUAGE_STANDARD = "gnu++0x";
				CLANG_CXX_LIBRARY = "libc++";
				CLANG_ENABLE_MODULES = YES;
				CLANG_ENABLE_OBJC_ARC = YES;
				CLANG_WARN_BOOL_CONVERSION = YES;
				CLANG_WARN_CONSTANT_CONVERSION = YES;
				CLANG_WARN_DIRECT_OBJC_ISA_USAGE = YES_ERROR;
				CLANG_WARN_DOCUMENTATION_COMMENTS = YES;
				CLANG_WARN_EMPTY_BODY = YES;
				CLANG_WARN_ENUM_CONVERSION = YES;
				CLANG_WARN_INFINITE_RECURSION = YES;
				CLANG_WARN_INT_CONVERSION = YES;
				CLANG_WARN_OBJC_ROOT_CLASS = YES_ERROR;
				CLANG_WARN_SUSPICIOUS_MOVE = YES;
				CLANG_WARN_UNREACHABLE_CODE = YES;
				CLANG_WARN__DUPLICATE_METHOD_MATCH = YES;
				CODE_SIGN_IDENTITY = "-";
				COPY_PHASE_STRIP = NO;
				DEBUG_INFORMATION_FORMAT = dwarf;
				ENABLE_STRICT_OBJC_MSGSEND = YES;
				ENABLE_TESTABILITY = YES;
				GCC_C_LANGUAGE_STANDARD = gnu99;
				GCC_DYNAMIC_NO_PIC = NO;
				GCC_NO_COMMON_BLOCKS = YES;
				GCC_OPTIMIZATION_LEVEL = 0;
				GCC_PREPROCESSOR_DEFINITIONS = (
					"DEBUG=1",
					"$(inherited)",
				);
				GCC_WARN_64_TO_32_BIT_CONVERSION = YES;
				GCC_WARN_ABOUT_RETURN_TYPE = YES_ERROR;
				GCC_WARN_UNDECLARED_SELECTOR = YES;
				GCC_WARN_UNINITIALIZED_AUTOS = YES_AGGRESSIVE;
				GCC_WARN_UNUSED_FUNCTION = YES;
				GCC_WARN_UNUSED_VARIABLE = YES;
				MACOSX_DEPLOYMENT_TARGET = 10.12;
				MTL_ENABLE_DEBUG_INFO = YES;
				ONLY_ACTIVE_ARCH = YES;
				SDKROOT = macosx;
				SYSTEM_HEADER_SEARCH_PATHS = "$(BUILT_PRODUCTS_DIR)/occommon $(BUILD_ROOT)/../IntermediateBuildFilesPath/UninstalledProducts/macosx/occommon";
				USER_HEADER_SEARCH_PATHS = "";
			};
			name = Debug;
		};
		EF0111C41F263FBA006FFFFB /* Release */ = {
			isa = XCBuildConfiguration;
			buildSettings = {
				ALWAYS_SEARCH_USER_PATHS = NO;
				CLANG_ANALYZER_NONNULL = YES;
				CLANG_ANALYZER_NUMBER_OBJECT_CONVERSION = YES_AGGRESSIVE;
				CLANG_CXX_LANGUAGE_STANDARD = "gnu++0x";
				CLANG_CXX_LIBRARY = "libc++";
				CLANG_ENABLE_MODULES = YES;
				CLANG_ENABLE_OBJC_ARC = YES;
				CLANG_WARN_BOOL_CONVERSION = YES;
				CLANG_WARN_CONSTANT_CONVERSION = YES;
				CLANG_WARN_DIRECT_OBJC_ISA_USAGE = YES_ERROR;
				CLANG_WARN_DOCUMENTATION_COMMENTS = YES;
				CLANG_WARN_EMPTY_BODY = YES;
				CLANG_WARN_ENUM_CONVERSION = YES;
				CLANG_WARN_INFINITE_RECURSION = YES;
				CLANG_WARN_INT_CONVERSION = YES;
				CLANG_WARN_OBJC_ROOT_CLASS = YES_ERROR;
				CLANG_WARN_SUSPICIOUS_MOVE = YES;
				CLANG_WARN_UNREACHABLE_CODE = YES;
				CLANG_WARN__DUPLICATE_METHOD_MATCH = YES;
				CODE_SIGN_IDENTITY = "-";
				COPY_PHASE_STRIP = NO;
				DEBUG_INFORMATION_FORMAT = "dwarf-with-dsym";
				ENABLE_NS_ASSERTIONS = NO;
				ENABLE_STRICT_OBJC_MSGSEND = YES;
				GCC_C_LANGUAGE_STANDARD = gnu99;
				GCC_NO_COMMON_BLOCKS = YES;
				GCC_WARN_64_TO_32_BIT_CONVERSION = YES;
				GCC_WARN_ABOUT_RETURN_TYPE = YES_ERROR;
				GCC_WARN_UNDECLARED_SELECTOR = YES;
				GCC_WARN_UNINITIALIZED_AUTOS = YES_AGGRESSIVE;
				GCC_WARN_UNUSED_FUNCTION = YES;
				GCC_WARN_UNUSED_VARIABLE = YES;
				MACOSX_DEPLOYMENT_TARGET = 10.12;
				MTL_ENABLE_DEBUG_INFO = NO;
				SDKROOT = macosx;
				SYSTEM_HEADER_SEARCH_PATHS = "$(BUILT_PRODUCTS_DIR)/occommon $(BUILD_ROOT)/../IntermediateBuildFilesPath/UninstalledProducts/macosx/occommon";
				USER_HEADER_SEARCH_PATHS = "";
			};
			name = Release;
		};
		EF0111C61F263FBA006FFFFB /* Debug */ = {
			isa = XCBuildConfiguration;
			buildSettings = {
				DEVELOPMENT_TEAM = MUUNEV88XL;
				PRODUCT_NAME = "$(TARGET_NAME)";
			};
			name = Debug;
		};
		EF0111C71F263FBA006FFFFB /* Release */ = {
			isa = XCBuildConfiguration;
			buildSettings = {
				DEVELOPMENT_TEAM = MUUNEV88XL;
				PRODUCT_NAME = "$(TARGET_NAME)";
			};
			name = Release;
		};
/* End XCBuildConfiguration section */

/* Begin XCConfigurationList section */
		EF0111B91F263FBA006FFFFB /* Build configuration list for PBXProject "ocyacc" */ = {
			isa = XCConfigurationList;
			buildConfigurations = (
				EF0111C31F263FBA006FFFFB /* Debug */,
				EF0111C41F263FBA006FFFFB /* Release */,
			);
			defaultConfigurationIsVisible = 0;
			defaultConfigurationName = Release;
		};
		EF0111C51F263FBA006FFFFB /* Build configuration list for PBXNativeTarget "ocyacc" */ = {
			isa = XCConfigurationList;
			buildConfigurations = (
				EF0111C61F263FBA006FFFFB /* Debug */,
				EF0111C71F263FBA006FFFFB /* Release */,
			);
			defaultConfigurationIsVisible = 0;
			defaultConfigurationName = Release;
		};
/* End XCConfigurationList section */
	};
	rootObject = EF0111B61F263FBA006FFFFB /* Project object */;
}
