// !$*UTF8*$!
{
	archiveVersion = 1;
	classes = {
	};
	objectVersion = 46;
	objects = {

/* Begin PBXBuildFile section */
		EF1B2483226E2FBA005BA4CE /* OCYaccSwiftGenerator.cpp in Sources */ = {isa = PBXBuildFile; fileRef = EF1B2481226E2FBA005BA4CE /* OCYaccSwiftGenerator.cpp */; };
		EF530B282243E8540061FFC6 /* OCYaccCPPGenerator.cpp in Sources */ = {isa = PBXBuildFile; fileRef = EF530B222243E8540061FFC6 /* OCYaccCPPGenerator.cpp */; };
		EF530B292243E8540061FFC6 /* OCYaccLR1.cpp in Sources */ = {isa = PBXBuildFile; fileRef = EF530B232243E8540061FFC6 /* OCYaccLR1.cpp */; };
		EF530B2A2243E8540061FFC6 /* OCYaccGenerator.cpp in Sources */ = {isa = PBXBuildFile; fileRef = EF530B262243E8540061FFC6 /* OCYaccGenerator.cpp */; };
		EF530B2D2243E86D0061FFC6 /* OCYaccParser.cpp in Sources */ = {isa = PBXBuildFile; fileRef = EF530B2C2243E86D0061FFC6 /* OCYaccParser.cpp */; };
		EF530B2F2243E8830061FFC6 /* main.cpp in Sources */ = {isa = PBXBuildFile; fileRef = EF530B2E2243E8830061FFC6 /* main.cpp */; };
		EF530B332243E9A30061FFC6 /* liboccommon.a in Frameworks */ = {isa = PBXBuildFile; fileRef = EF530B322243E9A30061FFC6 /* liboccommon.a */; };
/* End PBXBuildFile section */

/* Begin PBXContainerItemProxy section */
		EF530B5B2243EA9D0061FFC6 /* PBXContainerItemProxy */ = {
			isa = PBXContainerItemProxy;
			containerPortal = EF530B572243EA9D0061FFC6 /* occommon.xcodeproj */;
			proxyType = 2;
			remoteGlobalIDString = EF0111D21F264063006FFFFB;
			remoteInfo = occommon;
		};
		EF530B5F2243EAAF0061FFC6 /* PBXContainerItemProxy */ = {
			isa = PBXContainerItemProxy;
			containerPortal = EF530B572243EA9D0061FFC6 /* occommon.xcodeproj */;
			proxyType = 1;
			remoteGlobalIDString = EF0111D11F264063006FFFFB;
			remoteInfo = occommon;
		};
/* End PBXContainerItemProxy section */

/* Begin PBXCopyFilesBuildPhase section */
		EF0111BC1F263FBA006FFFFB /* CopyFiles */ = {
			isa = PBXCopyFilesBuildPhase;
			buildActionMask = 2147483647;
			dstPath = /usr/share/man/man1/;
			dstSubfolderSpec = 0;
			files = (
			);
			runOnlyForDeploymentPostprocessing = 1;
		};
/* End PBXCopyFilesBuildPhase section */

/* Begin PBXFileReference section */
		EF0111BE1F263FBA006FFFFB /* ocyacc */ = {isa = PBXFileReference; explicitFileType = "compiled.mach-o.executable"; includeInIndex = 0; path = ocyacc; sourceTree = BUILT_PRODUCTS_DIR; };
		EF1B2481226E2FBA005BA4CE /* OCYaccSwiftGenerator.cpp */ = {isa = PBXFileReference; lastKnownFileType = sourcecode.cpp.cpp; name = OCYaccSwiftGenerator.cpp; path = src/OCYaccSwiftGenerator.cpp; sourceTree = "<group>"; };
		EF1B2482226E2FBA005BA4CE /* OCYaccSwiftGenerator.h */ = {isa = PBXFileReference; lastKnownFileType = sourcecode.c.h; name = OCYaccSwiftGenerator.h; path = src/OCYaccSwiftGenerator.h; sourceTree = "<group>"; };
		EF530B222243E8540061FFC6 /* OCYaccCPPGenerator.cpp */ = {isa = PBXFileReference; fileEncoding = 4; lastKnownFileType = sourcecode.cpp.cpp; name = OCYaccCPPGenerator.cpp; path = src/OCYaccCPPGenerator.cpp; sourceTree = "<group>"; };
		EF530B232243E8540061FFC6 /* OCYaccLR1.cpp */ = {isa = PBXFileReference; fileEncoding = 4; lastKnownFileType = sourcecode.cpp.cpp; name = OCYaccLR1.cpp; path = src/OCYaccLR1.cpp; sourceTree = "<group>"; };
		EF530B242243E8540061FFC6 /* OCYaccCPPGenerator.h */ = {isa = PBXFileReference; fileEncoding = 4; lastKnownFileType = sourcecode.c.h; name = OCYaccCPPGenerator.h; path = src/OCYaccCPPGenerator.h; sourceTree = "<group>"; };
		EF530B252243E8540061FFC6 /* OCYaccLR1.h */ = {isa = PBXFileReference; fileEncoding = 4; lastKnownFileType = sourcecode.c.h; name = OCYaccLR1.h; path = src/OCYaccLR1.h; sourceTree = "<group>"; };
		EF530B262243E8540061FFC6 /* OCYaccGenerator.cpp */ = {isa = PBXFileReference; fileEncoding = 4; lastKnownFileType = sourcecode.cpp.cpp; name = OCYaccGenerator.cpp; path = src/OCYaccGenerator.cpp; sourceTree = "<group>"; };
		EF530B272243E8540061FFC6 /* OCYaccGenerator.h */ = {isa = PBXFileReference; fileEncoding = 4; lastKnownFileType = sourcecode.c.h; name = OCYaccGenerator.h; path = src/OCYaccGenerator.h; sourceTree = "<group>"; };
		EF530B2B2243E86D0061FFC6 /* OCYaccParser.h */ = {isa = PBXFileReference; fileEncoding = 4; lastKnownFileType = sourcecode.c.h; name = OCYaccParser.h; path = src/OCYaccParser.h; sourceTree = "<group>"; };
		EF530B2C2243E86D0061FFC6 /* OCYaccParser.cpp */ = {isa = PBXFileReference; fileEncoding = 4; lastKnownFileType = sourcecode.cpp.cpp; name = OCYaccParser.cpp; path = src/OCYaccParser.cpp; sourceTree = "<group>"; };
		EF530B2E2243E8830061FFC6 /* main.cpp */ = {isa = PBXFileReference; fileEncoding = 4; lastKnownFileType = sourcecode.cpp.cpp; name = main.cpp; path = src/main.cpp; sourceTree = "<group>"; };
		EF530B322243E9A30061FFC6 /* liboccommon.a */ = {isa = PBXFileReference; explicitFileType = archive.ar; path = liboccommon.a; sourceTree = BUILT_PRODUCTS_DIR; };
		EF530B572243EA9D0061FFC6 /* occommon.xcodeproj */ = {isa = PBXFileReference; lastKnownFileType = "wrapper.pb-project"; name = occommon.xcodeproj; path = ../../OCCommon/occommon/occommon.xcodeproj; sourceTree = "<group>"; };
/* End PBXFileReference section */

/* Begin PBXFrameworksBuildPhase section */
		EF0111BB1F263FBA006FFFFB /* Frameworks */ = {
			isa = PBXFrameworksBuildPhase;
			buildActionMask = 2147483647;
			files = (
				EF530B332243E9A30061FFC6 /* liboccommon.a in Frameworks */,
			);
			runOnlyForDeploymentPostprocessing = 0;
		};
/* End PBXFrameworksBuildPhase section */

/* Begin PBXGroup section */
		EF0111B51F263FBA006FFFFB = {
			isa = PBXGroup;
			children = (
				EF530B1F2243E8190061FFC6 /* Process */,
				EF530B202243E8200061FFC6 /* Compiler */,
				EF530B212243E8290061FFC6 /* ocyacc */,
				EF0111BF1F263FBA006FFFFB /* Products */,
				EF0111DE1F264101006FFFFB /* Frameworks */,
			);
			sourceTree = "<group>";
		};
		EF0111BF1F263FBA006FFFFB /* Products */ = {
			isa = PBXGroup;
			children = (
				EF0111BE1F263FBA006FFFFB /* ocyacc */,
			);
			name = Products;
			sourceTree = "<group>";
		};
		EF0111DE1F264101006FFFFB /* Frameworks */ = {
			isa = PBXGroup;
			children = (
				EF530B572243EA9D0061FFC6 /* occommon.xcodeproj */,
				EF530B322243E9A30061FFC6 /* liboccommon.a */,
			);
			name = Frameworks;
			sourceTree = "<group>";
		};
		EF530B1F2243E8190061FFC6 /* Process */ = {
			isa = PBXGroup;
			children = (
				EF1B2481226E2FBA005BA4CE /* OCYaccSwiftGenerator.cpp */,
				EF1B2482226E2FBA005BA4CE /* OCYaccSwiftGenerator.h */,
				EF530B222243E8540061FFC6 /* OCYaccCPPGenerator.cpp */,
				EF530B242243E8540061FFC6 /* OCYaccCPPGenerator.h */,
				EF530B262243E8540061FFC6 /* OCYaccGenerator.cpp */,
				EF530B272243E8540061FFC6 /* OCYaccGenerator.h */,
				EF530B232243E8540061FFC6 /* OCYaccLR1.cpp */,
				EF530B252243E8540061FFC6 /* OCYaccLR1.h */,
			);
			name = Process;
			sourceTree = "<group>";
		};
		EF530B202243E8200061FFC6 /* Compiler */ = {
			isa = PBXGroup;
			children = (
				EF530B2C2243E86D0061FFC6 /* OCYaccParser.cpp */,
				EF530B2B2243E86D0061FFC6 /* OCYaccParser.h */,
			);
			name = Compiler;
			sourceTree = "<group>";
		};
		EF530B212243E8290061FFC6 /* ocyacc */ = {
			isa = PBXGroup;
			children = (
				EF530B2E2243E8830061FFC6 /* main.cpp */,
			);
			name = ocyacc;
			sourceTree = "<group>";
		};
		EF530B582243EA9D0061FFC6 /* Products */ = {
			isa = PBXGroup;
			children = (
				EF530B5C2243EA9D0061FFC6 /* liboccommon.a */,
			);
			name = Products;
			sourceTree = "<group>";
		};
/* End PBXGroup section */

/* Begin PBXNativeTarget section */
		EF0111BD1F263FBA006FFFFB /* ocyacc */ = {
			isa = PBXNativeTarget;
			buildConfigurationList = EF0111C51F263FBA006FFFFB /* Build configuration list for PBXNativeTarget "ocyacc" */;
			buildPhases = (
				EF0111BA1F263FBA006FFFFB /* Sources */,
				EF0111BB1F263FBA006FFFFB /* Frameworks */,
				EF0111BC1F263FBA006FFFFB /* CopyFiles */,
			);
			buildRules = (
			);
			dependencies = (
				EF530B602243EAAF0061FFC6 /* PBXTargetDependency */,
			);
			name = ocyacc;
			productName = ocyacc;
			productReference = EF0111BE1F263FBA006FFFFB /* ocyacc */;
			productType = "com.apple.product-type.tool";
		};
/* End PBXNativeTarget section */

/* Begin PBXProject section */
		EF0111B61F263FBA006FFFFB /* Project object */ = {
			isa = PBXProject;
			attributes = {
				LastUpgradeCheck = 1020;
				ORGANIZATIONNAME = "Glenview Software";
				TargetAttributes = {
					EF0111BD1F263FBA006FFFFB = {
						CreatedOnToolsVersion = 8.3.3;
						DevelopmentTeam = MUUNEV88XL;
						ProvisioningStyle = Automatic;
					};
				};
			};
			buildConfigurationList = EF0111B91F263FBA006FFFFB /* Build configuration list for PBXProject "ocyacc" */;
			compatibilityVersion = "Xcode 3.2";
			developmentRegion = en;
			hasScannedForEncodings = 0;
			knownRegions = (
				en,
				Base,
			);
			mainGroup = EF0111B51F263FBA006FFFFB;
			productRefGroup = EF0111BF1F263FBA006FFFFB /* Products */;
			projectDirPath = "";
			projectReferences = (
				{
					ProductGroup = EF530B582243EA9D0061FFC6 /* Products */;
					ProjectRef = EF530B572243EA9D0061FFC6 /* occommon.xcodeproj */;
				},
			);
			projectRoot = "";
			targets = (
				EF0111BD1F263FBA006FFFFB /* ocyacc */,
			);
		};
/* End PBXProject section */

/* Begin PBXReferenceProxy section */
		EF530B5C2243EA9D0061FFC6 /* liboccommon.a */ = {
			isa = PBXReferenceProxy;
			fileType = archive.ar;
			path = liboccommon.a;
			remoteRef = EF530B5B2243EA9D0061FFC6 /* PBXContainerItemProxy */;
			sourceTree = BUILT_PRODUCTS_DIR;
		};
/* End PBXReferenceProxy section */

/* Begin PBXSourcesBuildPhase section */
		EF0111BA1F263FBA006FFFFB /* Sources */ = {
			isa = PBXSourcesBuildPhase;
			buildActionMask = 2147483647;
			files = (
				EF530B292243E8540061FFC6 /* OCYaccLR1.cpp in Sources */,
				EF530B2A2243E8540061FFC6 /* OCYaccGenerator.cpp in Sources */,
				EF530B2D2243E86D0061FFC6 /* OCYaccParser.cpp in Sources */,
				EF530B2F2243E8830061FFC6 /* main.cpp in Sources */,
				EF530B282243E8540061FFC6 /* OCYaccCPPGenerator.cpp in Sources */,
				EF1B2483226E2FBA005BA4CE /* OCYaccSwiftGenerator.cpp in Sources */,
			);
			runOnlyForDeploymentPostprocessing = 0;
		};
/* End PBXSourcesBuildPhase section */

/* Begin PBXTargetDependency section */
		EF530B602243EAAF0061FFC6 /* PBXTargetDependency */ = {
			isa = PBXTargetDependency;
			name = occommon;
			targetProxy = EF530B5F2243EAAF0061FFC6 /* PBXContainerItemProxy */;
		};
/* End PBXTargetDependency section */

/* Begin XCBuildConfiguration section */
		EF0111C31F263FBA006FFFFB /* Debug */ = {
			isa = XCBuildConfiguration;
			buildSettings = {
				ALWAYS_SEARCH_USER_PATHS = NO;
				CLANG_ANALYZER_LOCALIZABILITY_NONLOCALIZED = YES;
				CLANG_ANALYZER_NONNULL = YES;
				CLANG_ANALYZER_NUMBER_OBJECT_CONVERSION = YES_AGGRESSIVE;
				CLANG_CXX_LANGUAGE_STANDARD = "gnu++0x";
				CLANG_CXX_LIBRARY = "libc++";
				CLANG_ENABLE_MODULES = YES;
				CLANG_ENABLE_OBJC_ARC = YES;
				CLANG_WARN_BLOCK_CAPTURE_AUTORELEASING = YES;
				CLANG_WARN_BOOL_CONVERSION = YES;
				CLANG_WARN_COMMA = YES;
				CLANG_WARN_CONSTANT_CONVERSION = YES;
				CLANG_WARN_DEPRECATED_OBJC_IMPLEMENTATIONS = YES;
				CLANG_WARN_DIRECT_OBJC_ISA_USAGE = YES_ERROR;
				CLANG_WARN_DOCUMENTATION_COMMENTS = YES;
				CLANG_WARN_EMPTY_BODY = YES;
				CLANG_WARN_ENUM_CONVERSION = YES;
				CLANG_WARN_INFINITE_RECURSION = YES;
				CLANG_WARN_INT_CONVERSION = YES;
				CLANG_WARN_NON_LITERAL_NULL_CONVERSION = YES;
				CLANG_WARN_OBJC_IMPLICIT_RETAIN_SELF = YES;
				CLANG_WARN_OBJC_LITERAL_CONVERSION = YES;
				CLANG_WARN_OBJC_ROOT_CLASS = YES_ERROR;
				CLANG_WARN_RANGE_LOOP_ANALYSIS = YES;
				CLANG_WARN_STRICT_PROTOTYPES = YES;
				CLANG_WARN_SUSPICIOUS_MOVE = YES;
				CLANG_WARN_UNREACHABLE_CODE = YES;
				CLANG_WARN__DUPLICATE_METHOD_MATCH = YES;
				CODE_SIGN_IDENTITY = "-";
				COPY_PHASE_STRIP = NO;
				DEBUG_INFORMATION_FORMAT = dwarf;
				ENABLE_STRICT_OBJC_MSGSEND = YES;
				ENABLE_TESTABILITY = YES;
				GCC_C_LANGUAGE_STANDARD = gnu99;
				GCC_DYNAMIC_NO_PIC = NO;
				GCC_NO_COMMON_BLOCKS = YES;
				GCC_OPTIMIZATION_LEVEL = 0;
				GCC_PREPROCESSOR_DEFINITIONS = (
					"DEBUG=1",
					"$(inherited)",
				);
				GCC_WARN_64_TO_32_BIT_CONVERSION = YES;
				GCC_WARN_ABOUT_RETURN_TYPE = YES_ERROR;
				GCC_WARN_UNDECLARED_SELECTOR = YES;
				GCC_WARN_UNINITIALIZED_AUTOS = YES_AGGRESSIVE;
				GCC_WARN_UNUSED_FUNCTION = YES;
				GCC_WARN_UNUSED_VARIABLE = YES;
				MACOSX_DEPLOYMENT_TARGET = 10.12;
				MTL_ENABLE_DEBUG_INFO = YES;
				ONLY_ACTIVE_ARCH = YES;
				SDKROOT = macosx;
				SYSTEM_HEADER_SEARCH_PATHS = "$(BUILT_PRODUCTS_DIR)/occommon/** $(BUILD_ROOT)/../IntermediateBuildFilesPath/UninstalledProducts/macosx/occommon";
				USER_HEADER_SEARCH_PATHS = "";
			};
			name = Debug;
		};
		EF0111C41F263FBA006FFFFB /* Release */ = {
			isa = XCBuildConfiguration;
			buildSettings = {
				ALWAYS_SEARCH_USER_PATHS = NO;
				CLANG_ANALYZER_LOCALIZABILITY_NONLOCALIZED = YES;
				CLANG_ANALYZER_NONNULL = YES;
				CLANG_ANALYZER_NUMBER_OBJECT_CONVERSION = YES_AGGRESSIVE;
				CLANG_CXX_LANGUAGE_STANDARD = "gnu++0x";
				CLANG_CXX_LIBRARY = "libc++";
				CLANG_ENABLE_MODULES = YES;
				CLANG_ENABLE_OBJC_ARC = YES;
				CLANG_WARN_BLOCK_CAPTURE_AUTORELEASING = YES;
				CLANG_WARN_BOOL_CONVERSION = YES;
				CLANG_WARN_COMMA = YES;
				CLANG_WARN_CONSTANT_CONVERSION = YES;
				CLANG_WARN_DEPRECATED_OBJC_IMPLEMENTATIONS = YES;
				CLANG_WARN_DIRECT_OBJC_ISA_USAGE = YES_ERROR;
				CLANG_WARN_DOCUMENTATION_COMMENTS = YES;
				CLANG_WARN_EMPTY_BODY = YES;
				CLANG_WARN_ENUM_CONVERSION = YES;
				CLANG_WARN_INFINITE_RECURSION = YES;
				CLANG_WARN_INT_CONVERSION = YES;
				CLANG_WARN_NON_LITERAL_NULL_CONVERSION = YES;
				CLANG_WARN_OBJC_IMPLICIT_RETAIN_SELF = YES;
				CLANG_WARN_OBJC_LITERAL_CONVERSION = YES;
				CLANG_WARN_OBJC_ROOT_CLASS = YES_ERROR;
				CLANG_WARN_RANGE_LOOP_ANALYSIS = YES;
				CLANG_WARN_STRICT_PROTOTYPES = YES;
				CLANG_WARN_SUSPICIOUS_MOVE = YES;
				CLANG_WARN_UNREACHABLE_CODE = YES;
				CLANG_WARN__DUPLICATE_METHOD_MATCH = YES;
				CODE_SIGN_IDENTITY = "-";
				COPY_PHASE_STRIP = NO;
				DEBUG_INFORMATION_FORMAT = "dwarf-with-dsym";
				ENABLE_NS_ASSERTIONS = NO;
				ENABLE_STRICT_OBJC_MSGSEND = YES;
				GCC_C_LANGUAGE_STANDARD = gnu99;
				GCC_NO_COMMON_BLOCKS = YES;
				GCC_WARN_64_TO_32_BIT_CONVERSION = YES;
				GCC_WARN_ABOUT_RETURN_TYPE = YES_ERROR;
				GCC_WARN_UNDECLARED_SELECTOR = YES;
				GCC_WARN_UNINITIALIZED_AUTOS = YES_AGGRESSIVE;
				GCC_WARN_UNUSED_FUNCTION = YES;
				GCC_WARN_UNUSED_VARIABLE = YES;
				MACOSX_DEPLOYMENT_TARGET = 10.12;
				MTL_ENABLE_DEBUG_INFO = NO;
				SDKROOT = macosx;
				SYSTEM_HEADER_SEARCH_PATHS = "$(BUILT_PRODUCTS_DIR)/occommon/** $(BUILD_ROOT)/../IntermediateBuildFilesPath/UninstalledProducts/macosx/occommon";
				USER_HEADER_SEARCH_PATHS = "";
			};
			name = Release;
		};
		EF0111C61F263FBA006FFFFB /* Debug */ = {
			isa = XCBuildConfiguration;
			buildSettings = {
				CODE_SIGN_IDENTITY = "Mac Developer";
				CODE_SIGN_STYLE = Automatic;
				DEVELOPMENT_TEAM = "";
				MACOSX_DEPLOYMENT_TARGET = 10.8;
				PRODUCT_NAME = "$(TARGET_NAME)";
				PROVISIONING_PROFILE_SPECIFIER = "";
			};
			name = Debug;
		};
		EF0111C71F263FBA006FFFFB /* Release */ = {
			isa = XCBuildConfiguration;
			buildSettings = {
				CODE_SIGN_IDENTITY = "Mac Developer";
				CODE_SIGN_STYLE = Automatic;
				DEVELOPMENT_TEAM = "";
				MACOSX_DEPLOYMENT_TARGET = 10.8;
				PRODUCT_NAME = "$(TARGET_NAME)";
				PROVISIONING_PROFILE_SPECIFIER = "";
			};
			name = Release;
		};
/* End XCBuildConfiguration section */

/* Begin XCConfigurationList section */
		EF0111B91F263FBA006FFFFB /* Build configuration list for PBXProject "ocyacc" */ = {
			isa = XCConfigurationList;
			buildConfigurations = (
				EF0111C31F263FBA006FFFFB /* Debug */,
				EF0111C41F263FBA006FFFFB /* Release */,
			);
			defaultConfigurationIsVisible = 0;
			defaultConfigurationName = Release;
		};
		EF0111C51F263FBA006FFFFB /* Build configuration list for PBXNativeTarget "ocyacc" */ = {
			isa = XCConfigurationList;
			buildConfigurations = (
				EF0111C61F263FBA006FFFFB /* Debug */,
				EF0111C71F263FBA006FFFFB /* Release */,
			);
			defaultConfigurationIsVisible = 0;
			defaultConfigurationName = Release;
		};
/* End XCConfigurationList section */
	};
	rootObject = EF0111B61F263FBA006FFFFB /* Project object */;
}
