// !$*UTF8*$!
{
	archiveVersion = 1;
	classes = {
	};
	objectVersion = 46;
	objects = {

/* Begin PBXBuildFile section */
		EF0111DC1F264093006FFFFB /* OCLexer.cpp in Sources */ = {isa = PBXBuildFile; fileRef = EF0111DA1F264093006FFFFB /* OCLexer.cpp */; };
		EF0111DD1F264093006FFFFB /* OCLexer.h in Headers */ = {isa = PBXBuildFile; fileRef = EF0111DB1F264093006FFFFB /* OCLexer.h */; settings = {ATTRIBUTES = (Public, ); }; };
		EF0112131F2955E3006FFFFB /* OCUtilities.h in Headers */ = {isa = PBXBuildFile; fileRef = EF0112111F2955E3006FFFFB /* OCUtilities.h */; settings = {ATTRIBUTES = (Public, ); }; };
		EF01121C1F2963E5006FFFFB /* OCAlloc.cpp in Sources */ = {isa = PBXBuildFile; fileRef = EF01121B1F2963E5006FFFFB /* OCAlloc.cpp */; };
		EF01121E1F2B744D006FFFFB /* OCIntegerSet.cpp in Sources */ = {isa = PBXBuildFile; fileRef = EF01121D1F2B744D006FFFFB /* OCIntegerSet.cpp */; };
/* End PBXBuildFile section */

/* Begin PBXFileReference section */
		EF0111D21F264063006FFFFB /* liboccommon.a */ = {isa = PBXFileReference; explicitFileType = archive.ar; includeInIndex = 0; path = liboccommon.a; sourceTree = BUILT_PRODUCTS_DIR; };
		EF0111DA1F264093006FFFFB /* OCLexer.cpp */ = {isa = PBXFileReference; fileEncoding = 4; lastKnownFileType = sourcecode.cpp.cpp; path = OCLexer.cpp; sourceTree = "<group>"; };
		EF0111DB1F264093006FFFFB /* OCLexer.h */ = {isa = PBXFileReference; fileEncoding = 4; lastKnownFileType = sourcecode.c.h; path = OCLexer.h; sourceTree = "<group>"; };
		EF0112111F2955E3006FFFFB /* OCUtilities.h */ = {isa = PBXFileReference; fileEncoding = 4; lastKnownFileType = sourcecode.c.h; path = OCUtilities.h; sourceTree = "<group>"; };
		EF01121B1F2963E5006FFFFB /* OCAlloc.cpp */ = {isa = PBXFileReference; fileEncoding = 4; lastKnownFileType = sourcecode.cpp.cpp; path = OCAlloc.cpp; sourceTree = "<group>"; };
		EF01121D1F2B744D006FFFFB /* OCIntegerSet.cpp */ = {isa = PBXFileReference; fileEncoding = 4; lastKnownFileType = sourcecode.cpp.cpp; path = OCIntegerSet.cpp; sourceTree = "<group>"; };
/* End PBXFileReference section */

/* Begin PBXFrameworksBuildPhase section */
		EF0111CF1F264063006FFFFB /* Frameworks */ = {
			isa = PBXFrameworksBuildPhase;
			buildActionMask = 2147483647;
			files = (
			);
			runOnlyForDeploymentPostprocessing = 0;
		};
/* End PBXFrameworksBuildPhase section */

/* Begin PBXGroup section */
		EF0111C91F264063006FFFFB = {
			isa = PBXGroup;
			children = (
				EF01120F1F2955C5006FFFFB /* Utilities */,
				EF0111D91F264070006FFFFB /* Lexer */,
				EF0111D31F264063006FFFFB /* Products */,
			);
			sourceTree = "<group>";
		};
		EF0111D31F264063006FFFFB /* Products */ = {
			isa = PBXGroup;
			children = (
				EF0111D21F264063006FFFFB /* liboccommon.a */,
			);
			name = Products;
			sourceTree = "<group>";
		};
		EF0111D91F264070006FFFFB /* Lexer */ = {
			isa = PBXGroup;
			children = (
				EF0111DB1F264093006FFFFB /* OCLexer.h */,
				EF0111DA1F264093006FFFFB /* OCLexer.cpp */,
			);
			path = Lexer;
			sourceTree = "<group>";
		};
		EF01120F1F2955C5006FFFFB /* Utilities */ = {
			isa = PBXGroup;
			children = (
				EF0112111F2955E3006FFFFB /* OCUtilities.h */,
				EF01121B1F2963E5006FFFFB /* OCAlloc.cpp */,
				EF01121D1F2B744D006FFFFB /* OCIntegerSet.cpp */,
			);
			path = Utilities;
			sourceTree = "<group>";
		};
/* End PBXGroup section */

/* Begin PBXHeadersBuildPhase section */
		EF0111D01F264063006FFFFB /* Headers */ = {
			isa = PBXHeadersBuildPhase;
			buildActionMask = 2147483647;
			files = (
				EF0111DD1F264093006FFFFB /* OCLexer.h in Headers */,
				EF0112131F2955E3006FFFFB /* OCUtilities.h in Headers */,
			);
			runOnlyForDeploymentPostprocessing = 0;
		};
/* End PBXHeadersBuildPhase section */

/* Begin PBXNativeTarget section */
		EF0111D11F264063006FFFFB /* occommon */ = {
			isa = PBXNativeTarget;
			buildConfigurationList = EF0111D61F264063006FFFFB /* Build configuration list for PBXNativeTarget "occommon" */;
			buildPhases = (
				EF0111CE1F264063006FFFFB /* Sources */,
				EF0111CF1F264063006FFFFB /* Frameworks */,
				EF0111D01F264063006FFFFB /* Headers */,
			);
			buildRules = (
			);
			dependencies = (
			);
			name = occommon;
			productName = occommon;
			productReference = EF0111D21F264063006FFFFB /* liboccommon.a */;
			productType = "com.apple.product-type.library.static";
		};
/* End PBXNativeTarget section */

/* Begin PBXProject section */
		EF0111CA1F264063006FFFFB /* Project object */ = {
			isa = PBXProject;
			attributes = {
				LastUpgradeCheck = 0830;
				ORGANIZATIONNAME = "Glenview Software";
				TargetAttributes = {
					EF0111D11F264063006FFFFB = {
						CreatedOnToolsVersion = 8.3.3;
						DevelopmentTeam = MUUNEV88XL;
						ProvisioningStyle = Automatic;
					};
				};
			};
			buildConfigurationList = EF0111CD1F264063006FFFFB /* Build configuration list for PBXProject "occommon" */;
			compatibilityVersion = "Xcode 3.2";
			developmentRegion = English;
			hasScannedForEncodings = 0;
			knownRegions = (
				en,
			);
			mainGroup = EF0111C91F264063006FFFFB;
			productRefGroup = EF0111D31F264063006FFFFB /* Products */;
			projectDirPath = "";
			projectRoot = "";
			targets = (
				EF0111D11F264063006FFFFB /* occommon */,
			);
		};
/* End PBXProject section */

/* Begin PBXSourcesBuildPhase section */
		EF0111CE1F264063006FFFFB /* Sources */ = {
			isa = PBXSourcesBuildPhase;
			buildActionMask = 2147483647;
			files = (
				EF0111DC1F264093006FFFFB /* OCLexer.cpp in Sources */,
				EF01121E1F2B744D006FFFFB /* OCIntegerSet.cpp in Sources */,
				EF01121C1F2963E5006FFFFB /* OCAlloc.cpp in Sources */,
			);
			runOnlyForDeploymentPostprocessing = 0;
		};
/* End PBXSourcesBuildPhase section */

/* Begin XCBuildConfiguration section */
		EF0111D41F264063006FFFFB /* Debug */ = {
			isa = XCBuildConfiguration;
			buildSettings = {
				ALWAYS_SEARCH_USER_PATHS = NO;
				CLANG_ANALYZER_NONNULL = YES;
				CLANG_ANALYZER_NUMBER_OBJECT_CONVERSION = YES_AGGRESSIVE;
				CLANG_CXX_LANGUAGE_STANDARD = "gnu++0x";
				CLANG_CXX_LIBRARY = "libc++";
				CLANG_ENABLE_MODULES = YES;
				CLANG_ENABLE_OBJC_ARC = YES;
				CLANG_WARN_BOOL_CONVERSION = YES;
				CLANG_WARN_CONSTANT_CONVERSION = YES;
				CLANG_WARN_DIRECT_OBJC_ISA_USAGE = YES_ERROR;
				CLANG_WARN_DOCUMENTATION_COMMENTS = YES;
				CLANG_WARN_EMPTY_BODY = YES;
				CLANG_WARN_ENUM_CONVERSION = YES;
				CLANG_WARN_INFINITE_RECURSION = YES;
				CLANG_WARN_INT_CONVERSION = YES;
				CLANG_WARN_OBJC_ROOT_CLASS = YES_ERROR;
				CLANG_WARN_SUSPICIOUS_MOVE = YES;
				CLANG_WARN_UNREACHABLE_CODE = YES;
				CLANG_WARN__DUPLICATE_METHOD_MATCH = YES;
				CODE_SIGN_IDENTITY = "-";
				COPY_PHASE_STRIP = NO;
				DEBUG_INFORMATION_FORMAT = dwarf;
				ENABLE_STRICT_OBJC_MSGSEND = YES;
				ENABLE_TESTABILITY = YES;
				GCC_C_LANGUAGE_STANDARD = gnu99;
				GCC_DYNAMIC_NO_PIC = NO;
				GCC_NO_COMMON_BLOCKS = YES;
				GCC_OPTIMIZATION_LEVEL = 0;
				GCC_PREPROCESSOR_DEFINITIONS = (
					"DEBUG=1",
					"$(inherited)",
				);
				GCC_WARN_64_TO_32_BIT_CONVERSION = YES;
				GCC_WARN_ABOUT_RETURN_TYPE = YES_ERROR;
				GCC_WARN_UNDECLARED_SELECTOR = YES;
				GCC_WARN_UNINITIALIZED_AUTOS = YES_AGGRESSIVE;
				GCC_WARN_UNUSED_FUNCTION = YES;
				GCC_WARN_UNUSED_VARIABLE = YES;
				MACOSX_DEPLOYMENT_TARGET = 10.12;
				MTL_ENABLE_DEBUG_INFO = YES;
				ONLY_ACTIVE_ARCH = YES;
				PUBLIC_HEADERS_FOLDER_PATH = "$(TARGET_NAME)";
				SDKROOT = macosx;
				SKIP_INSTALL = YES;
			};
			name = Debug;
		};
		EF0111D51F264063006FFFFB /* Release */ = {
			isa = XCBuildConfiguration;
			buildSettings = {
				ALWAYS_SEARCH_USER_PATHS = NO;
				CLANG_ANALYZER_NONNULL = YES;
				CLANG_ANALYZER_NUMBER_OBJECT_CONVERSION = YES_AGGRESSIVE;
				CLANG_CXX_LANGUAGE_STANDARD = "gnu++0x";
				CLANG_CXX_LIBRARY = "libc++";
				CLANG_ENABLE_MODULES = YES;
				CLANG_ENABLE_OBJC_ARC = YES;
				CLANG_WARN_BOOL_CONVERSION = YES;
				CLANG_WARN_CONSTANT_CONVERSION = YES;
				CLANG_WARN_DIRECT_OBJC_ISA_USAGE = YES_ERROR;
				CLANG_WARN_DOCUMENTATION_COMMENTS = YES;
				CLANG_WARN_EMPTY_BODY = YES;
				CLANG_WARN_ENUM_CONVERSION = YES;
				CLANG_WARN_INFINITE_RECURSION = YES;
				CLANG_WARN_INT_CONVERSION = YES;
				CLANG_WARN_OBJC_ROOT_CLASS = YES_ERROR;
				CLANG_WARN_SUSPICIOUS_MOVE = YES;
				CLANG_WARN_UNREACHABLE_CODE = YES;
				CLANG_WARN__DUPLICATE_METHOD_MATCH = YES;
				CODE_SIGN_IDENTITY = "-";
				COPY_PHASE_STRIP = NO;
				DEBUG_INFORMATION_FORMAT = "dwarf-with-dsym";
				ENABLE_NS_ASSERTIONS = NO;
				ENABLE_STRICT_OBJC_MSGSEND = YES;
				GCC_C_LANGUAGE_STANDARD = gnu99;
				GCC_NO_COMMON_BLOCKS = YES;
				GCC_WARN_64_TO_32_BIT_CONVERSION = YES;
				GCC_WARN_ABOUT_RETURN_TYPE = YES_ERROR;
				GCC_WARN_UNDECLARED_SELECTOR = YES;
				GCC_WARN_UNINITIALIZED_AUTOS = YES_AGGRESSIVE;
				GCC_WARN_UNUSED_FUNCTION = YES;
				GCC_WARN_UNUSED_VARIABLE = YES;
				MACOSX_DEPLOYMENT_TARGET = 10.12;
				MTL_ENABLE_DEBUG_INFO = NO;
				PUBLIC_HEADERS_FOLDER_PATH = "$(TARGET_NAME)";
				SDKROOT = macosx;
				SKIP_INSTALL = YES;
			};
			name = Release;
		};
		EF0111D71F264063006FFFFB /* Debug */ = {
			isa = XCBuildConfiguration;
			buildSettings = {
				DEVELOPMENT_TEAM = MUUNEV88XL;
				EXECUTABLE_PREFIX = lib;
				PRODUCT_NAME = "$(TARGET_NAME)";
			};
			name = Debug;
		};
		EF0111D81F264063006FFFFB /* Release */ = {
			isa = XCBuildConfiguration;
			buildSettings = {
				DEVELOPMENT_TEAM = MUUNEV88XL;
				EXECUTABLE_PREFIX = lib;
				PRODUCT_NAME = "$(TARGET_NAME)";
			};
			name = Release;
		};
/* End XCBuildConfiguration section */

/* Begin XCConfigurationList section */
		EF0111CD1F264063006FFFFB /* Build configuration list for PBXProject "occommon" */ = {
			isa = XCConfigurationList;
			buildConfigurations = (
				EF0111D41F264063006FFFFB /* Debug */,
				EF0111D51F264063006FFFFB /* Release */,
			);
			defaultConfigurationIsVisible = 0;
			defaultConfigurationName = Release;
		};
		EF0111D61F264063006FFFFB /* Build configuration list for PBXNativeTarget "occommon" */ = {
			isa = XCConfigurationList;
			buildConfigurations = (
				EF0111D71F264063006FFFFB /* Debug */,
				EF0111D81F264063006FFFFB /* Release */,
			);
			defaultConfigurationIsVisible = 0;
			defaultConfigurationName = Release;
		};
/* End XCConfigurationList section */
	};
	rootObject = EF0111CA1F264063006FFFFB /* Project object */;
}
