// !$*UTF8*$!
{
	archiveVersion = 1;
	classes = {
	};
	objectVersion = 50;
	objects = {

/* Begin PBXAggregateTarget section */
		EF530B682243EB780061FFC6 /* OCTools */ = {
			isa = PBXAggregateTarget;
			buildConfigurationList = EF530B692243EB780061FFC6 /* Build configuration list for PBXAggregateTarget "OCTools" */;
			buildPhases = (
				EF530B7C2243F1E50061FFC6 /* Debug Information */,
			);
			dependencies = (
				EF530B7B2243EB9B0061FFC6 /* PBXTargetDependency */,
				EF530B792243EB990061FFC6 /* PBXTargetDependency */,
			);
			name = OCTools;
			productName = OCTools;
		};
/* End PBXAggregateTarget section */

/* Begin PBXContainerItemProxy section */
		EF530B702243EB8A0061FFC6 /* PBXContainerItemProxy */ = {
			isa = PBXContainerItemProxy;
			containerPortal = EF530B6C2243EB8A0061FFC6 /* ocyacc.xcodeproj */;
			proxyType = 2;
			remoteGlobalIDString = EF0111BE1F263FBA006FFFFB;
			remoteInfo = ocyacc;
		};
		EF530B762243EB8F0061FFC6 /* PBXContainerItemProxy */ = {
			isa = PBXContainerItemProxy;
			containerPortal = EF530B722243EB8F0061FFC6 /* oclex.xcodeproj */;
			proxyType = 2;
			remoteGlobalIDString = EF0111AB1F263F91006FFFFB;
			remoteInfo = oclex;
		};
		EF530B782243EB990061FFC6 /* PBXContainerItemProxy */ = {
			isa = PBXContainerItemProxy;
			containerPortal = EF530B722243EB8F0061FFC6 /* oclex.xcodeproj */;
			proxyType = 1;
			remoteGlobalIDString = EF0111AA1F263F91006FFFFB;
			remoteInfo = oclex;
		};
		EF530B7A2243EB9B0061FFC6 /* PBXContainerItemProxy */ = {
			isa = PBXContainerItemProxy;
			containerPortal = EF530B6C2243EB8A0061FFC6 /* ocyacc.xcodeproj */;
			proxyType = 1;
			remoteGlobalIDString = EF0111BD1F263FBA006FFFFB;
			remoteInfo = ocyacc;
		};
/* End PBXContainerItemProxy section */

/* Begin PBXFileReference section */
		EF1B24A5226E94B9005BA4CE /* OCFileInput.swift */ = {isa = PBXFileReference; lastKnownFileType = sourcecode.swift; path = OCFileInput.swift; sourceTree = "<group>"; };
		EF1B24A6226E94B9005BA4CE /* OCLexInput.swift */ = {isa = PBXFileReference; lastKnownFileType = sourcecode.swift; path = OCLexInput.swift; sourceTree = "<group>"; };
		EF530B6C2243EB8A0061FFC6 /* ocyacc.xcodeproj */ = {isa = PBXFileReference; lastKnownFileType = "wrapper.pb-project"; name = ocyacc.xcodeproj; path = ../../OCYacc/ocyacc/ocyacc.xcodeproj; sourceTree = "<group>"; };
		EF530B722243EB8F0061FFC6 /* oclex.xcodeproj */ = {isa = PBXFileReference; lastKnownFileType = "wrapper.pb-project"; name = oclex.xcodeproj; path = ../../OCLex/oclex/oclex.xcodeproj; sourceTree = "<group>"; };
		EF530B7E224541C20061FFC6 /* conclusion.html */ = {isa = PBXFileReference; lastKnownFileType = text.html; path = conclusion.html; sourceTree = "<group>"; };
		EF530B7F224541C20061FFC6 /* license.html */ = {isa = PBXFileReference; lastKnownFileType = text.html; path = license.html; sourceTree = "<group>"; };
		EF530B80224541C20061FFC6 /* welcome.html */ = {isa = PBXFileReference; lastKnownFileType = text.html; path = welcome.html; sourceTree = "<group>"; };
		EF530B81224541C20061FFC6 /* distribution.xml */ = {isa = PBXFileReference; lastKnownFileType = text.xml; path = distribution.xml; sourceTree = "<group>"; };
/* End PBXFileReference section */

/* Begin PBXGroup section */
		EF530B612243EB590061FFC6 = {
			isa = PBXGroup;
			children = (
				EF530B7D224541C20061FFC6 /* Package */,
				EF530B722243EB8F0061FFC6 /* oclex.xcodeproj */,
				EF530B6C2243EB8A0061FFC6 /* ocyacc.xcodeproj */,
			);
			sourceTree = "<group>";
		};
		EF530B6D2243EB8A0061FFC6 /* Products */ = {
			isa = PBXGroup;
			children = (
				EF530B712243EB8A0061FFC6 /* ocyacc */,
			);
			name = Products;
			sourceTree = "<group>";
		};
		EF530B732243EB8F0061FFC6 /* Products */ = {
			isa = PBXGroup;
			children = (
				EF530B772243EB8F0061FFC6 /* oclex */,
			);
			name = Products;
			sourceTree = "<group>";
		};
		EF530B7D224541C20061FFC6 /* Package */ = {
			isa = PBXGroup;
			children = (
				EF530B7E224541C20061FFC6 /* conclusion.html */,
				EF530B7F224541C20061FFC6 /* license.html */,
				EF530B80224541C20061FFC6 /* welcome.html */,
				EF530B81224541C20061FFC6 /* distribution.xml */,
				EF1B24A5226E94B9005BA4CE /* OCFileInput.swift */,
				EF1B24A6226E94B9005BA4CE /* OCLexInput.swift */,
			);
			path = Package;
			sourceTree = "<group>";
		};
/* End PBXGroup section */

/* Begin PBXProject section */
		EF530B622243EB590061FFC6 /* Project object */ = {
			isa = PBXProject;
			attributes = {
				LastUpgradeCheck = 1020;
				TargetAttributes = {
					EF530B682243EB780061FFC6 = {
						CreatedOnToolsVersion = 10.1;
					};
				};
			};
			buildConfigurationList = EF530B652243EB590061FFC6 /* Build configuration list for PBXProject "octools" */;
			compatibilityVersion = "Xcode 9.3";
			developmentRegion = en;
			hasScannedForEncodings = 0;
			knownRegions = (
				en,
				Base,
			);
			mainGroup = EF530B612243EB590061FFC6;
			projectDirPath = "";
			projectReferences = (
				{
					ProductGroup = EF530B732243EB8F0061FFC6 /* Products */;
					ProjectRef = EF530B722243EB8F0061FFC6 /* oclex.xcodeproj */;
				},
				{
					ProductGroup = EF530B6D2243EB8A0061FFC6 /* Products */;
					ProjectRef = EF530B6C2243EB8A0061FFC6 /* ocyacc.xcodeproj */;
				},
			);
			projectRoot = "";
			targets = (
				EF530B682243EB780061FFC6 /* OCTools */,
			);
		};
/* End PBXProject section */

/* Begin PBXReferenceProxy section */
		EF530B712243EB8A0061FFC6 /* ocyacc */ = {
			isa = PBXReferenceProxy;
			fileType = "compiled.mach-o.executable";
			path = ocyacc;
			remoteRef = EF530B702243EB8A0061FFC6 /* PBXContainerItemProxy */;
			sourceTree = BUILT_PRODUCTS_DIR;
		};
		EF530B772243EB8F0061FFC6 /* oclex */ = {
			isa = PBXReferenceProxy;
			fileType = "compiled.mach-o.executable";
			path = oclex;
			remoteRef = EF530B762243EB8F0061FFC6 /* PBXContainerItemProxy */;
			sourceTree = BUILT_PRODUCTS_DIR;
		};
/* End PBXReferenceProxy section */

/* Begin PBXShellScriptBuildPhase section */
		EF530B7C2243F1E50061FFC6 /* Debug Information */ = {
			isa = PBXShellScriptBuildPhase;
			buildActionMask = 12;
			files = (
			);
			inputFileListPaths = (
			);
			inputPaths = (
			);
			name = "Debug Information";
			outputFileListPaths = (
			);
			outputPaths = (
			);
			runOnlyForDeploymentPostprocessing = 0;
			shellPath = /bin/sh;
			shellScript = "# Go to build products\ncd $BUILT_PRODUCTS_DIR\n\n# Make installation root\nmkdir -p pkg/usr/local/bin\ncp -R ocyacc pkg/usr/local/bin\ncp -R oclex pkg/usr/local/bin\n\n# Make shared sources\nmkdir -p pkg/usr/local/src/octools\ncp -R $SRCROOT/Package/OCFileInput.swift pkg/usr/local/src/octools\ncp -R $SRCROOT/Package/OCLexInput.swift pkg/usr/local/src/octools\n\n# Build tool installation package\npkgbuild --root pkg --identifier com.chaosinmotion.OCTools --version 1.0 --ownership recommended tools.pkg\n\n# Add timestamp\nsed \"s/DATE/$(date '+%B %-d, %Y @ %-l:%M %p %Z')/g\" $SRCROOT/Package/welcome.html > $SRCROOT/Package/welcome_.html\n\n# Build the package\nproductbuild --distribution $SRCROOT/Package/distribution.xml --resources $SRCROOT/Package --package-path tools.pkg --version 1.0 octools.pkg\n\n# Move to package root\ncp octools.pkg $SRCROOT/../..\n";
		};
/* End PBXShellScriptBuildPhase section */

/* Begin PBXTargetDependency section */
		EF530B792243EB990061FFC6 /* PBXTargetDependency */ = {
			isa = PBXTargetDependency;
			name = oclex;
			targetProxy = EF530B782243EB990061FFC6 /* PBXContainerItemProxy */;
		};
		EF530B7B2243EB9B0061FFC6 /* PBXTargetDependency */ = {
			isa = PBXTargetDependency;
			name = ocyacc;
			targetProxy = EF530B7A2243EB9B0061FFC6 /* PBXContainerItemProxy */;
		};
/* End PBXTargetDependency section */

/* Begin XCBuildConfiguration section */
		EF530B662243EB590061FFC6 /* Debug */ = {
			isa = XCBuildConfiguration;
			buildSettings = {
				CLANG_WARN_BLOCK_CAPTURE_AUTORELEASING = YES;
				CLANG_WARN_BOOL_CONVERSION = YES;
				CLANG_WARN_COMMA = YES;
				CLANG_WARN_CONSTANT_CONVERSION = YES;
				CLANG_WARN_DEPRECATED_OBJC_IMPLEMENTATIONS = YES;
				CLANG_WARN_EMPTY_BODY = YES;
				CLANG_WARN_ENUM_CONVERSION = YES;
				CLANG_WARN_INFINITE_RECURSION = YES;
				CLANG_WARN_INT_CONVERSION = YES;
				CLANG_WARN_NON_LITERAL_NULL_CONVERSION = YES;
				CLANG_WARN_OBJC_IMPLICIT_RETAIN_SELF = YES;
				CLANG_WARN_OBJC_LITERAL_CONVERSION = YES;
				CLANG_WARN_RANGE_LOOP_ANALYSIS = YES;
				CLANG_WARN_STRICT_PROTOTYPES = YES;
				CLANG_WARN_SUSPICIOUS_MOVE = YES;
				CLANG_WARN_UNREACHABLE_CODE = YES;
				CLANG_WARN__DUPLICATE_METHOD_MATCH = YES;
				ENABLE_STRICT_OBJC_MSGSEND = YES;
				ENABLE_TESTABILITY = YES;
				GCC_NO_COMMON_BLOCKS = YES;
				GCC_WARN_64_TO_32_BIT_CONVERSION = YES;
				GCC_WARN_ABOUT_RETURN_TYPE = YES;
				GCC_WARN_UNDECLARED_SELECTOR = YES;
				GCC_WARN_UNINITIALIZED_AUTOS = YES;
				GCC_WARN_UNUSED_FUNCTION = YES;
				GCC_WARN_UNUSED_VARIABLE = YES;
				ONLY_ACTIVE_ARCH = YES;
			};
			name = Debug;
		};
		EF530B672243EB590061FFC6 /* Release */ = {
			isa = XCBuildConfiguration;
			buildSettings = {
				CLANG_WARN_BLOCK_CAPTURE_AUTORELEASING = YES;
				CLANG_WARN_BOOL_CONVERSION = YES;
				CLANG_WARN_COMMA = YES;
				CLANG_WARN_CONSTANT_CONVERSION = YES;
				CLANG_WARN_DEPRECATED_OBJC_IMPLEMENTATIONS = YES;
				CLANG_WARN_EMPTY_BODY = YES;
				CLANG_WARN_ENUM_CONVERSION = YES;
				CLANG_WARN_INFINITE_RECURSION = YES;
				CLANG_WARN_INT_CONVERSION = YES;
				CLANG_WARN_NON_LITERAL_NULL_CONVERSION = YES;
				CLANG_WARN_OBJC_IMPLICIT_RETAIN_SELF = YES;
				CLANG_WARN_OBJC_LITERAL_CONVERSION = YES;
				CLANG_WARN_RANGE_LOOP_ANALYSIS = YES;
				CLANG_WARN_STRICT_PROTOTYPES = YES;
				CLANG_WARN_SUSPICIOUS_MOVE = YES;
				CLANG_WARN_UNREACHABLE_CODE = YES;
				CLANG_WARN__DUPLICATE_METHOD_MATCH = YES;
				ENABLE_STRICT_OBJC_MSGSEND = YES;
				GCC_NO_COMMON_BLOCKS = YES;
				GCC_WARN_64_TO_32_BIT_CONVERSION = YES;
				GCC_WARN_ABOUT_RETURN_TYPE = YES;
				GCC_WARN_UNDECLARED_SELECTOR = YES;
				GCC_WARN_UNINITIALIZED_AUTOS = YES;
				GCC_WARN_UNUSED_FUNCTION = YES;
				GCC_WARN_UNUSED_VARIABLE = YES;
			};
			name = Release;
		};
		EF530B6A2243EB780061FFC6 /* Debug */ = {
			isa = XCBuildConfiguration;
			buildSettings = {
				CLANG_ENABLE_OBJC_WEAK = YES;
				CODE_SIGN_STYLE = Automatic;
				DEVELOPMENT_TEAM = MUUNEV88XL;
				PRODUCT_NAME = "$(TARGET_NAME)";
			};
			name = Debug;
		};
		EF530B6B2243EB780061FFC6 /* Release */ = {
			isa = XCBuildConfiguration;
			buildSettings = {
				CLANG_ENABLE_OBJC_WEAK = YES;
				CODE_SIGN_STYLE = Automatic;
				DEVELOPMENT_TEAM = MUUNEV88XL;
				PRODUCT_NAME = "$(TARGET_NAME)";
			};
			name = Release;
		};
/* End XCBuildConfiguration section */

/* Begin XCConfigurationList section */
		EF530B652243EB590061FFC6 /* Build configuration list for PBXProject "octools" */ = {
			isa = XCConfigurationList;
			buildConfigurations = (
				EF530B662243EB590061FFC6 /* Debug */,
				EF530B672243EB590061FFC6 /* Release */,
			);
			defaultConfigurationIsVisible = 0;
			defaultConfigurationName = Release;
		};
		EF530B692243EB780061FFC6 /* Build configuration list for PBXAggregateTarget "OCTools" */ = {
			isa = XCConfigurationList;
			buildConfigurations = (
				EF530B6A2243EB780061FFC6 /* Debug */,
				EF530B6B2243EB780061FFC6 /* Release */,
			);
			defaultConfigurationIsVisible = 0;
			defaultConfigurationName = Release;
		};
/* End XCConfigurationList section */
	};
	rootObject = EF530B622243EB590061FFC6 /* Project object */;
}
