// !$*UTF8*$!
{
	archiveVersion = 1;
	classes = {
	};
	objectVersion = 46;
	objects = {

/* Begin PBXBuildFile section */
		EF0112301F2E0781006FFFFB /* main.m in Sources */ = {isa = PBXBuildFile; fileRef = EF01122F1F2E0781006FFFFB /* main.m */; };
		EF0112721F34AA39006FFFFB /* OCLexTest.m in Sources */ = {isa = PBXBuildFile; fileRef = EF0112711F34AA39006FFFFB /* OCLexTest.m */; };
/* End PBXBuildFile section */

/* Begin PBXCopyFilesBuildPhase section */
		EF01122A1F2E0781006FFFFB /* CopyFiles */ = {
			isa = PBXCopyFilesBuildPhase;
			buildActionMask = 2147483647;
			dstPath = /usr/share/man/man1/;
			dstSubfolderSpec = 0;
			files = (
			);
			runOnlyForDeploymentPostprocessing = 1;
		};
/* End PBXCopyFilesBuildPhase section */

/* Begin PBXFileReference section */
		EF01122C1F2E0781006FFFFB /* TestLex */ = {isa = PBXFileReference; explicitFileType = "compiled.mach-o.executable"; includeInIndex = 0; path = TestLex; sourceTree = BUILT_PRODUCTS_DIR; };
		EF01122F1F2E0781006FFFFB /* main.m */ = {isa = PBXFileReference; lastKnownFileType = sourcecode.c.objc; path = main.m; sourceTree = "<group>"; };
		EF0112701F34AA39006FFFFB /* OCLexTest.h */ = {isa = PBXFileReference; fileEncoding = 4; lastKnownFileType = sourcecode.c.h; path = OCLexTest.h; sourceTree = "<group>"; };
		EF0112711F34AA39006FFFFB /* OCLexTest.m */ = {isa = PBXFileReference; fileEncoding = 4; lastKnownFileType = sourcecode.c.objc; path = OCLexTest.m; sourceTree = "<group>"; };
/* End PBXFileReference section */

/* Begin PBXFrameworksBuildPhase section */
		EF0112291F2E0781006FFFFB /* Frameworks */ = {
			isa = PBXFrameworksBuildPhase;
			buildActionMask = 2147483647;
			files = (
			);
			runOnlyForDeploymentPostprocessing = 0;
		};
/* End PBXFrameworksBuildPhase section */

/* Begin PBXGroup section */
		EF0112231F2E0781006FFFFB = {
			isa = PBXGroup;
			children = (
				EF0112361F2E0791006FFFFB /* Lex */,
				EF01122E1F2E0781006FFFFB /* TestLex */,
				EF01122D1F2E0781006FFFFB /* Products */,
			);
			sourceTree = "<group>";
		};
		EF01122D1F2E0781006FFFFB /* Products */ = {
			isa = PBXGroup;
			children = (
				EF01122C1F2E0781006FFFFB /* TestLex */,
			);
			name = Products;
			sourceTree = "<group>";
		};
		EF01122E1F2E0781006FFFFB /* TestLex */ = {
			isa = PBXGroup;
			children = (
				EF01122F1F2E0781006FFFFB /* main.m */,
			);
			path = TestLex;
			sourceTree = "<group>";
		};
		EF0112361F2E0791006FFFFB /* Lex */ = {
			isa = PBXGroup;
			children = (
				EF0112701F34AA39006FFFFB /* OCLexTest.h */,
				EF0112711F34AA39006FFFFB /* OCLexTest.m */,
			);
			path = Lex;
			sourceTree = "<group>";
		};
/* End PBXGroup section */

/* Begin PBXNativeTarget section */
		EF01122B1F2E0781006FFFFB /* TestLex */ = {
			isa = PBXNativeTarget;
			buildConfigurationList = EF0112331F2E0781006FFFFB /* Build configuration list for PBXNativeTarget "TestLex" */;
			buildPhases = (
				EF0112281F2E0781006FFFFB /* Sources */,
				EF0112291F2E0781006FFFFB /* Frameworks */,
				EF01122A1F2E0781006FFFFB /* CopyFiles */,
			);
			buildRules = (
			);
			dependencies = (
			);
			name = TestLex;
			productName = TestLex;
			productReference = EF01122C1F2E0781006FFFFB /* TestLex */;
			productType = "com.apple.product-type.tool";
		};
/* End PBXNativeTarget section */

/* Begin PBXProject section */
		EF0112241F2E0781006FFFFB /* Project object */ = {
			isa = PBXProject;
			attributes = {
				LastUpgradeCheck = 0830;
				ORGANIZATIONNAME = "Glenview Software";
				TargetAttributes = {
					EF01122B1F2E0781006FFFFB = {
						CreatedOnToolsVersion = 8.3.3;
						DevelopmentTeam = MUUNEV88XL;
						ProvisioningStyle = Automatic;
					};
				};
			};
			buildConfigurationList = EF0112271F2E0781006FFFFB /* Build configuration list for PBXProject "TestLex" */;
			compatibilityVersion = "Xcode 3.2";
			developmentRegion = English;
			hasScannedForEncodings = 0;
			knownRegions = (
				en,
			);
			mainGroup = EF0112231F2E0781006FFFFB;
			productRefGroup = EF01122D1F2E0781006FFFFB /* Products */;
			projectDirPath = "";
			projectRoot = "";
			targets = (
				EF01122B1F2E0781006FFFFB /* TestLex */,
			);
		};
/* End PBXProject section */

/* Begin PBXSourcesBuildPhase section */
		EF0112281F2E0781006FFFFB /* Sources */ = {
			isa = PBXSourcesBuildPhase;
			buildActionMask = 2147483647;
			files = (
				EF0112301F2E0781006FFFFB /* main.m in Sources */,
				EF0112721F34AA39006FFFFB /* OCLexTest.m in Sources */,
			);
			runOnlyForDeploymentPostprocessing = 0;
		};
/* End PBXSourcesBuildPhase section */

/* Begin XCBuildConfiguration section */
		EF0112311F2E0781006FFFFB /* Debug */ = {
			isa = XCBuildConfiguration;
			buildSettings = {
				ALWAYS_SEARCH_USER_PATHS = NO;
				CLANG_ANALYZER_NONNULL = YES;
				CLANG_ANALYZER_NUMBER_OBJECT_CONVERSION = YES_AGGRESSIVE;
				CLANG_CXX_LANGUAGE_STANDARD = "gnu++0x";
				CLANG_CXX_LIBRARY = "libc++";
				CLANG_ENABLE_MODULES = YES;
				CLANG_ENABLE_OBJC_ARC = YES;
				CLANG_WARN_BOOL_CONVERSION = YES;
				CLANG_WARN_CONSTANT_CONVERSION = YES;
				CLANG_WARN_DIRECT_OBJC_ISA_USAGE = YES_ERROR;
				CLANG_WARN_DOCUMENTATION_COMMENTS = YES;
				CLANG_WARN_EMPTY_BODY = YES;
				CLANG_WARN_ENUM_CONVERSION = YES;
				CLANG_WARN_INFINITE_RECURSION = YES;
				CLANG_WARN_INT_CONVERSION = YES;
				CLANG_WARN_OBJC_ROOT_CLASS = YES_ERROR;
				CLANG_WARN_SUSPICIOUS_MOVE = YES;
				CLANG_WARN_UNREACHABLE_CODE = YES;
				CLANG_WARN__DUPLICATE_METHOD_MATCH = YES;
				CODE_SIGN_IDENTITY = "-";
				COPY_PHASE_STRIP = NO;
				DEBUG_INFORMATION_FORMAT = dwarf;
				ENABLE_STRICT_OBJC_MSGSEND = YES;
				ENABLE_TESTABILITY = YES;
				GCC_C_LANGUAGE_STANDARD = gnu99;
				GCC_DYNAMIC_NO_PIC = NO;
				GCC_NO_COMMON_BLOCKS = YES;
				GCC_OPTIMIZATION_LEVEL = 0;
				GCC_PREPROCESSOR_DEFINITIONS = (
					"DEBUG=1",
					"$(inherited)",
				);
				GCC_WARN_64_TO_32_BIT_CONVERSION = YES;
				GCC_WARN_ABOUT_RETURN_TYPE = YES_ERROR;
				GCC_WARN_UNDECLARED_SELECTOR = YES;
				GCC_WARN_UNINITIALIZED_AUTOS = YES_AGGRESSIVE;
				GCC_WARN_UNUSED_FUNCTION = YES;
				GCC_WARN_UNUSED_VARIABLE = YES;
				MACOSX_DEPLOYMENT_TARGET = 10.12;
				MTL_ENABLE_DEBUG_INFO = YES;
				ONLY_ACTIVE_ARCH = YES;
				SDKROOT = macosx;
			};
			name = Debug;
		};
		EF0112321F2E0781006FFFFB /* Release */ = {
			isa = XCBuildConfiguration;
			buildSettings = {
				ALWAYS_SEARCH_USER_PATHS = NO;
				CLANG_ANALYZER_NONNULL = YES;
				CLANG_ANALYZER_NUMBER_OBJECT_CONVERSION = YES_AGGRESSIVE;
				CLANG_CXX_LANGUAGE_STANDARD = "gnu++0x";
				CLANG_CXX_LIBRARY = "libc++";
				CLANG_ENABLE_MODULES = YES;
				CLANG_ENABLE_OBJC_ARC = YES;
				CLANG_WARN_BOOL_CONVERSION = YES;
				CLANG_WARN_CONSTANT_CONVERSION = YES;
				CLANG_WARN_DIRECT_OBJC_ISA_USAGE = YES_ERROR;
				CLANG_WARN_DOCUMENTATION_COMMENTS = YES;
				CLANG_WARN_EMPTY_BODY = YES;
				CLANG_WARN_ENUM_CONVERSION = YES;
				CLANG_WARN_INFINITE_RECURSION = YES;
				CLANG_WARN_INT_CONVERSION = YES;
				CLANG_WARN_OBJC_ROOT_CLASS = YES_ERROR;
				CLANG_WARN_SUSPICIOUS_MOVE = YES;
				CLANG_WARN_UNREACHABLE_CODE = YES;
				CLANG_WARN__DUPLICATE_METHOD_MATCH = YES;
				CODE_SIGN_IDENTITY = "-";
				COPY_PHASE_STRIP = NO;
				DEBUG_INFORMATION_FORMAT = "dwarf-with-dsym";
				ENABLE_NS_ASSERTIONS = NO;
				ENABLE_STRICT_OBJC_MSGSEND = YES;
				GCC_C_LANGUAGE_STANDARD = gnu99;
				GCC_NO_COMMON_BLOCKS = YES;
				GCC_WARN_64_TO_32_BIT_CONVERSION = YES;
				GCC_WARN_ABOUT_RETURN_TYPE = YES_ERROR;
				GCC_WARN_UNDECLARED_SELECTOR = YES;
				GCC_WARN_UNINITIALIZED_AUTOS = YES_AGGRESSIVE;
				GCC_WARN_UNUSED_FUNCTION = YES;
				GCC_WARN_UNUSED_VARIABLE = YES;
				MACOSX_DEPLOYMENT_TARGET = 10.12;
				MTL_ENABLE_DEBUG_INFO = NO;
				SDKROOT = macosx;
			};
			name = Release;
		};
		EF0112341F2E0781006FFFFB /* Debug */ = {
			isa = XCBuildConfiguration;
			buildSettings = {
				DEVELOPMENT_TEAM = MUUNEV88XL;
				PRODUCT_NAME = "$(TARGET_NAME)";
			};
			name = Debug;
		};
		EF0112351F2E0781006FFFFB /* Release */ = {
			isa = XCBuildConfiguration;
			buildSettings = {
				DEVELOPMENT_TEAM = MUUNEV88XL;
				PRODUCT_NAME = "$(TARGET_NAME)";
			};
			name = Release;
		};
/* End XCBuildConfiguration section */

/* Begin XCConfigurationList section */
		EF0112271F2E0781006FFFFB /* Build configuration list for PBXProject "TestLex" */ = {
			isa = XCConfigurationList;
			buildConfigurations = (
				EF0112311F2E0781006FFFFB /* Debug */,
				EF0112321F2E0781006FFFFB /* Release */,
			);
			defaultConfigurationIsVisible = 0;
			defaultConfigurationName = Release;
		};
		EF0112331F2E0781006FFFFB /* Build configuration list for PBXNativeTarget "TestLex" */ = {
			isa = XCConfigurationList;
			buildConfigurations = (
				EF0112341F2E0781006FFFFB /* Debug */,
				EF0112351F2E0781006FFFFB /* Release */,
			);
			defaultConfigurationIsVisible = 0;
			defaultConfigurationName = Release;
		};
/* End XCConfigurationList section */
	};
	rootObject = EF0112241F2E0781006FFFFB /* Project object */;
}
