// !$*UTF8*$!
{
	archiveVersion = 1;
	classes = {
	};
	objectVersion = 50;
	objects = {

/* Begin PBXBuildFile section */
		EF7D1C422255906100B806F3 /* main.cpp in Sources */ = {isa = PBXBuildFile; fileRef = EF7D1C412255906100B806F3 /* main.cpp */; };
		EF7D1C4C225591AF00B806F3 /* CalcLex.cpp in Sources */ = {isa = PBXBuildFile; fileRef = EF7D1C4A225591AF00B806F3 /* CalcLex.cpp */; };
		EF7D1C4E225591D000B806F3 /* CalcParser.y in Sources */ = {isa = PBXBuildFile; fileRef = EF7D1C4D225591D000B806F3 /* CalcParser.y */; };
/* End PBXBuildFile section */

/* Begin PBXBuildRule section */
		EF7D1C482255914600B806F3 /* PBXBuildRule */ = {
			isa = PBXBuildRule;
			compilerSpec = com.apple.compilers.proxy.script;
			fileType = sourcecode.lex;
			isEditable = 1;
			outputFiles = (
				"$(DERIVED_SOURCES_DIR)/$(INPUT_FILE_BASE).cpp",
				"$(DERIVED_SOURCES_DIR)/$(INPUT_FILE_BASE).h",
			);
			script = "/usr/local/bin/oclex -l cpp -o \"$DERIVED_SOURCES_DIR/$INPUT_FILE_BASE\" \"$INPUT_FILE_PATH\"\n";
		};
		EF7D1C492255914600B806F3 /* PBXBuildRule */ = {
			isa = PBXBuildRule;
			compilerSpec = com.apple.compilers.proxy.script;
			fileType = sourcecode.yacc;
			isEditable = 1;
			outputFiles = (
				"$(DERIVED_SOURCES_DIR)/$(INPUT_FILE_BASE).cpp",
				"$(DERIVED_SOURCES_DIR)/$(INPUT_FILE_BASE).h",
			);
			script = "/usr/local/bin/ocyacc -l cpp -o \"$DERIVED_SOURCES_DIR/$INPUT_FILE_BASE\" \"$INPUT_FILE_PATH\"\n";
		};
/* End PBXBuildRule section */

/* Begin PBXCopyFilesBuildPhase section */
		EF7D1C3C2255906100B806F3 /* CopyFiles */ = {
			isa = PBXCopyFilesBuildPhase;
			buildActionMask = 2147483647;
			dstPath = /usr/share/man/man1/;
			dstSubfolderSpec = 0;
			files = (
			);
			runOnlyForDeploymentPostprocessing = 1;
		};
/* End PBXCopyFilesBuildPhase section */

/* Begin PBXFileReference section */
		EF7D1C3E2255906100B806F3 /* ParserCPP */ = {isa = PBXFileReference; explicitFileType = "compiled.mach-o.executable"; includeInIndex = 0; path = ParserCPP; sourceTree = BUILT_PRODUCTS_DIR; };
		EF7D1C412255906100B806F3 /* main.cpp */ = {isa = PBXFileReference; lastKnownFileType = sourcecode.cpp.cpp; path = main.cpp; sourceTree = "<group>"; };
		EF7D1C4A225591AF00B806F3 /* CalcLex.cpp */ = {isa = PBXFileReference; lastKnownFileType = sourcecode.cpp.cpp; path = CalcLex.cpp; sourceTree = "<group>"; };
		EF7D1C4B225591AF00B806F3 /* CalcLex.h */ = {isa = PBXFileReference; lastKnownFileType = sourcecode.c.h; path = CalcLex.h; sourceTree = "<group>"; };
		EF7D1C4D225591D000B806F3 /* CalcParser.y */ = {isa = PBXFileReference; fileEncoding = 4; lastKnownFileType = sourcecode.yacc; name = CalcParser.y; path = ../../TokenizerCPP/TokenizerCPP/CalcParser.y; sourceTree = "<group>"; };
/* End PBXFileReference section */

/* Begin PBXFrameworksBuildPhase section */
		EF7D1C3B2255906100B806F3 /* Frameworks */ = {
			isa = PBXFrameworksBuildPhase;
			buildActionMask = 2147483647;
			files = (
			);
			runOnlyForDeploymentPostprocessing = 0;
		};
/* End PBXFrameworksBuildPhase section */

/* Begin PBXGroup section */
		EF7D1C352255906100B806F3 = {
			isa = PBXGroup;
			children = (
				EF7D1C402255906100B806F3 /* ParserCPP */,
				EF7D1C3F2255906100B806F3 /* Products */,
			);
			sourceTree = "<group>";
		};
		EF7D1C3F2255906100B806F3 /* Products */ = {
			isa = PBXGroup;
			children = (
				EF7D1C3E2255906100B806F3 /* ParserCPP */,
			);
			name = Products;
			sourceTree = "<group>";
		};
		EF7D1C402255906100B806F3 /* ParserCPP */ = {
			isa = PBXGroup;
			children = (
				EF7D1C412255906100B806F3 /* main.cpp */,
				EF7D1C4D225591D000B806F3 /* CalcParser.y */,
				EF7D1C4A225591AF00B806F3 /* CalcLex.cpp */,
				EF7D1C4B225591AF00B806F3 /* CalcLex.h */,
			);
			path = ParserCPP;
			sourceTree = "<group>";
		};
/* End PBXGroup section */

/* Begin PBXNativeTarget section */
		EF7D1C3D2255906100B806F3 /* ParserCPP */ = {
			isa = PBXNativeTarget;
			buildConfigurationList = EF7D1C452255906100B806F3 /* Build configuration list for PBXNativeTarget "ParserCPP" */;
			buildPhases = (
				EF7D1C3A2255906100B806F3 /* Sources */,
				EF7D1C3B2255906100B806F3 /* Frameworks */,
				EF7D1C3C2255906100B806F3 /* CopyFiles */,
			);
			buildRules = (
				EF7D1C492255914600B806F3 /* PBXBuildRule */,
				EF7D1C482255914600B806F3 /* PBXBuildRule */,
			);
			dependencies = (
			);
			name = ParserCPP;
			productName = ParserCPP;
			productReference = EF7D1C3E2255906100B806F3 /* ParserCPP */;
			productType = "com.apple.product-type.tool";
		};
/* End PBXNativeTarget section */

/* Begin PBXProject section */
		EF7D1C362255906100B806F3 /* Project object */ = {
			isa = PBXProject;
			attributes = {
				LastUpgradeCheck = 1020;
				ORGANIZATIONNAME = "Glenview Software";
				TargetAttributes = {
					EF7D1C3D2255906100B806F3 = {
						CreatedOnToolsVersion = 10.2;
					};
				};
			};
			buildConfigurationList = EF7D1C392255906100B806F3 /* Build configuration list for PBXProject "ParserCPP" */;
			compatibilityVersion = "Xcode 9.3";
			developmentRegion = en;
			hasScannedForEncodings = 0;
			knownRegions = (
				en,
			);
			mainGroup = EF7D1C352255906100B806F3;
			productRefGroup = EF7D1C3F2255906100B806F3 /* Products */;
			projectDirPath = "";
			projectRoot = "";
			targets = (
				EF7D1C3D2255906100B806F3 /* ParserCPP */,
			);
		};
/* End PBXProject section */

/* Begin PBXSourcesBuildPhase section */
		EF7D1C3A2255906100B806F3 /* Sources */ = {
			isa = PBXSourcesBuildPhase;
			buildActionMask = 2147483647;
			files = (
				EF7D1C4C225591AF00B806F3 /* CalcLex.cpp in Sources */,
				EF7D1C422255906100B806F3 /* main.cpp in Sources */,
				EF7D1C4E225591D000B806F3 /* CalcParser.y in Sources */,
			);
			runOnlyForDeploymentPostprocessing = 0;
		};
/* End PBXSourcesBuildPhase section */

/* Begin XCBuildConfiguration section */
		EF7D1C432255906100B806F3 /* Debug */ = {
			isa = XCBuildConfiguration;
			buildSettings = {
				ALWAYS_SEARCH_USER_PATHS = NO;
				CLANG_ANALYZER_NONNULL = YES;
				CLANG_ANALYZER_NUMBER_OBJECT_CONVERSION = YES_AGGRESSIVE;
				CLANG_CXX_LANGUAGE_STANDARD = "gnu++14";
				CLANG_CXX_LIBRARY = "libc++";
				CLANG_ENABLE_MODULES = YES;
				CLANG_ENABLE_OBJC_ARC = YES;
				CLANG_ENABLE_OBJC_WEAK = YES;
				CLANG_WARN_BLOCK_CAPTURE_AUTORELEASING = YES;
				CLANG_WARN_BOOL_CONVERSION = YES;
				CLANG_WARN_COMMA = YES;
				CLANG_WARN_CONSTANT_CONVERSION = YES;
				CLANG_WARN_DEPRECATED_OBJC_IMPLEMENTATIONS = YES;
				CLANG_WARN_DIRECT_OBJC_ISA_USAGE = YES_ERROR;
				CLANG_WARN_DOCUMENTATION_COMMENTS = YES;
				CLANG_WARN_EMPTY_BODY = YES;
				CLANG_WARN_ENUM_CONVERSION = YES;
				CLANG_WARN_INFINITE_RECURSION = YES;
				CLANG_WARN_INT_CONVERSION = YES;
				CLANG_WARN_NON_LITERAL_NULL_CONVERSION = YES;
				CLANG_WARN_OBJC_IMPLICIT_RETAIN_SELF = YES;
				CLANG_WARN_OBJC_LITERAL_CONVERSION = YES;
				CLANG_WARN_OBJC_ROOT_CLASS = YES_ERROR;
				CLANG_WARN_RANGE_LOOP_ANALYSIS = YES;
				CLANG_WARN_STRICT_PROTOTYPES = YES;
				CLANG_WARN_SUSPICIOUS_MOVE = YES;
				CLANG_WARN_UNGUARDED_AVAILABILITY = YES_AGGRESSIVE;
				CLANG_WARN_UNREACHABLE_CODE = YES;
				CLANG_WARN__DUPLICATE_METHOD_MATCH = YES;
				CODE_SIGN_IDENTITY = "Mac Developer";
				COPY_PHASE_STRIP = NO;
				DEBUG_INFORMATION_FORMAT = dwarf;
				ENABLE_STRICT_OBJC_MSGSEND = YES;
				ENABLE_TESTABILITY = YES;
				GCC_C_LANGUAGE_STANDARD = gnu11;
				GCC_DYNAMIC_NO_PIC = NO;
				GCC_NO_COMMON_BLOCKS = YES;
				GCC_OPTIMIZATION_LEVEL = 0;
				GCC_PREPROCESSOR_DEFINITIONS = (
					"DEBUG=1",
					"$(inherited)",
				);
				GCC_WARN_64_TO_32_BIT_CONVERSION = YES;
				GCC_WARN_ABOUT_RETURN_TYPE = YES_ERROR;
				GCC_WARN_UNDECLARED_SELECTOR = YES;
				GCC_WARN_UNINITIALIZED_AUTOS = YES_AGGRESSIVE;
				GCC_WARN_UNUSED_FUNCTION = YES;
				GCC_WARN_UNUSED_VARIABLE = YES;
				MACOSX_DEPLOYMENT_TARGET = 10.14;
				MTL_ENABLE_DEBUG_INFO = INCLUDE_SOURCE;
				MTL_FAST_MATH = YES;
				ONLY_ACTIVE_ARCH = YES;
				SDKROOT = macosx;
			};
			name = Debug;
		};
		EF7D1C442255906100B806F3 /* Release */ = {
			isa = XCBuildConfiguration;
			buildSettings = {
				ALWAYS_SEARCH_USER_PATHS = NO;
				CLANG_ANALYZER_NONNULL = YES;
				CLANG_ANALYZER_NUMBER_OBJECT_CONVERSION = YES_AGGRESSIVE;
				CLANG_CXX_LANGUAGE_STANDARD = "gnu++14";
				CLANG_CXX_LIBRARY = "libc++";
				CLANG_ENABLE_MODULES = YES;
				CLANG_ENABLE_OBJC_ARC = YES;
				CLANG_ENABLE_OBJC_WEAK = YES;
				CLANG_WARN_BLOCK_CAPTURE_AUTORELEASING = YES;
				CLANG_WARN_BOOL_CONVERSION = YES;
				CLANG_WARN_COMMA = YES;
				CLANG_WARN_CONSTANT_CONVERSION = YES;
				CLANG_WARN_DEPRECATED_OBJC_IMPLEMENTATIONS = YES;
				CLANG_WARN_DIRECT_OBJC_ISA_USAGE = YES_ERROR;
				CLANG_WARN_DOCUMENTATION_COMMENTS = YES;
				CLANG_WARN_EMPTY_BODY = YES;
				CLANG_WARN_ENUM_CONVERSION = YES;
				CLANG_WARN_INFINITE_RECURSION = YES;
				CLANG_WARN_INT_CONVERSION = YES;
				CLANG_WARN_NON_LITERAL_NULL_CONVERSION = YES;
				CLANG_WARN_OBJC_IMPLICIT_RETAIN_SELF = YES;
				CLANG_WARN_OBJC_LITERAL_CONVERSION = YES;
				CLANG_WARN_OBJC_ROOT_CLASS = YES_ERROR;
				CLANG_WARN_RANGE_LOOP_ANALYSIS = YES;
				CLANG_WARN_STRICT_PROTOTYPES = YES;
				CLANG_WARN_SUSPICIOUS_MOVE = YES;
				CLANG_WARN_UNGUARDED_AVAILABILITY = YES_AGGRESSIVE;
				CLANG_WARN_UNREACHABLE_CODE = YES;
				CLANG_WARN__DUPLICATE_METHOD_MATCH = YES;
				CODE_SIGN_IDENTITY = "Mac Developer";
				COPY_PHASE_STRIP = NO;
				DEBUG_INFORMATION_FORMAT = "dwarf-with-dsym";
				ENABLE_NS_ASSERTIONS = NO;
				ENABLE_STRICT_OBJC_MSGSEND = YES;
				GCC_C_LANGUAGE_STANDARD = gnu11;
				GCC_NO_COMMON_BLOCKS = YES;
				GCC_WARN_64_TO_32_BIT_CONVERSION = YES;
				GCC_WARN_ABOUT_RETURN_TYPE = YES_ERROR;
				GCC_WARN_UNDECLARED_SELECTOR = YES;
				GCC_WARN_UNINITIALIZED_AUTOS = YES_AGGRESSIVE;
				GCC_WARN_UNUSED_FUNCTION = YES;
				GCC_WARN_UNUSED_VARIABLE = YES;
				MACOSX_DEPLOYMENT_TARGET = 10.14;
				MTL_ENABLE_DEBUG_INFO = NO;
				MTL_FAST_MATH = YES;
				SDKROOT = macosx;
			};
			name = Release;
		};
		EF7D1C462255906100B806F3 /* Debug */ = {
			isa = XCBuildConfiguration;
			buildSettings = {
				CODE_SIGN_STYLE = Automatic;
				DEVELOPMENT_TEAM = MUUNEV88XL;
				PRODUCT_NAME = "$(TARGET_NAME)";
			};
			name = Debug;
		};
		EF7D1C472255906100B806F3 /* Release */ = {
			isa = XCBuildConfiguration;
			buildSettings = {
				CODE_SIGN_STYLE = Automatic;
				DEVELOPMENT_TEAM = MUUNEV88XL;
				PRODUCT_NAME = "$(TARGET_NAME)";
			};
			name = Release;
		};
/* End XCBuildConfiguration section */

/* Begin XCConfigurationList section */
		EF7D1C392255906100B806F3 /* Build configuration list for PBXProject "ParserCPP" */ = {
			isa = XCConfigurationList;
			buildConfigurations = (
				EF7D1C432255906100B806F3 /* Debug */,
				EF7D1C442255906100B806F3 /* Release */,
			);
			defaultConfigurationIsVisible = 0;
			defaultConfigurationName = Release;
		};
		EF7D1C452255906100B806F3 /* Build configuration list for PBXNativeTarget "ParserCPP" */ = {
			isa = XCConfigurationList;
			buildConfigurations = (
				EF7D1C462255906100B806F3 /* Debug */,
				EF7D1C472255906100B806F3 /* Release */,
			);
			defaultConfigurationIsVisible = 0;
			defaultConfigurationName = Release;
		};
/* End XCConfigurationList section */
	};
	rootObject = EF7D1C362255906100B806F3 /* Project object */;
}
